{
  "name": "streamdataio-console",
  "version": "1.0.0",
  "lockfileVersion": 1,
  "requires": true,
  "dependencies": {
    "eventsource": {
      "version": "github:streamdataio/eventsource-js#92ceda879f6d4e6d45fd6bb6fc82ca12a0c2c5db",
      "from": "github:streamdataio/eventsource-js#92ceda879f6d4e6d45fd6bb6fc82ca12a0c2c5db",
      "dev": true
    },
    "fast-json-patch": {
      "version": "3.1.1",
      "resolved": "https://registry.npmjs.org/fast-json-patch/-/fast-json-patch-3.1.1.tgz",
      "integrity": "sha512-vf6IHUX2SBcA+5/+4883dsIjpBTqmfBjmYiWK1savxQmFk4JfBMLa7ynTYOs1Rolp/T1betJxHiGD3g1Mn8lUQ=="
    },
    "streamdataio-js-sdk": {
      "version": "2.0.2",
      "resolved": "https://registry.npmjs.org/streamdataio-js-sdk/-/streamdataio-js-sdk-2.0.2.tgz",
      "integrity": "sha512-Fw0Y5owXy1aTEqOy1YTtZIFEDTg32PeTkAK2X3k3rVSZkLx2KHvswzbV17CvC6zzuvfXFJo4AVxo9RazzHKzbQ=="
    }
  }
}
