{
  "name": "streamdataio-angular",
  "version": "1.0.0",
  "lockfileVersion": 1,
  "requires": true,
  "dependencies": {
    "core-js": {
      "version": "2.5.1",
      "resolved": "https://registry.npmjs.org/core-js/-/core-js-2.5.1.tgz",
      "integrity": "sha1-rmh03GaTd4m4B1T/VCjfZoGcpQs="
    },
    "crypto-js": {
      "version": "3.1.9-1",
      "resolved": "https://registry.npmjs.org/crypto-js/-/crypto-js-3.1.9-1.tgz",
      "integrity": "sha1-/aGedh/Ad+Af+/3G6f38WeiAbNg="
    },
    "eventsource": {
      "version": "github:streamdataio/eventsource-js#92ceda879f6d4e6d45fd6bb6fc82ca12a0c2c5db",
      "from": "eventsource@github:streamdataio/eventsource-js#92ceda879f6d4e6d45fd6bb6fc82ca12a0c2c5db",
      "requires": {
        "original": "^1.0.0"
      }
    },
    "eventsource-polyfill": {
      "version": "github:streamdataio/EventSource#bc353046d1eef182642e1d85deb442a3fd62849e",
      "from": "eventsource-polyfill@github:streamdataio/EventSource#bc353046d1eef182642e1d85deb442a3fd62849e"
    },
    "fast-json-patch": {
      "version": "3.1.1",
      "resolved": "https://registry.npmjs.org/fast-json-patch/-/fast-json-patch-3.1.1.tgz",
      "integrity": "sha512-vf6IHUX2SBcA+5/+4883dsIjpBTqmfBjmYiWK1savxQmFk4JfBMLa7ynTYOs1Rolp/T1betJxHiGD3g1Mn8lUQ=="
    },
    "original": {
      "version": "1.0.0",
      "resolved": "https://registry.npmjs.org/original/-/original-1.0.0.tgz",
      "integrity": "sha1-kUf5P6FpbQS+YeAb1QuurKZWvTs=",
      "requires": {
        "url-parse": "1.0.x"
      }
    },
    "querystringify": {
      "version": "0.0.4",
      "resolved": "https://registry.npmjs.org/querystringify/-/querystringify-0.0.4.tgz",
      "integrity": "sha1-DPf4T5Rj/wrlHExLFC2VvjdyTZw="
    },
    "requires-port": {
      "version": "1.0.0",
      "resolved": "https://registry.npmjs.org/requires-port/-/requires-port-1.0.0.tgz",
      "integrity": "sha1-kl0mAdOaxIXgkc8NpcbmlNw9yv8="
    },
    "streamdataio-js-sdk": {
      "version": "2.0.2",
      "resolved": "https://registry.npmjs.org/streamdataio-js-sdk/-/streamdataio-js-sdk-2.0.2.tgz",
      "integrity": "sha512-Fw0Y5owXy1aTEqOy1YTtZIFEDTg32PeTkAK2X3k3rVSZkLx2KHvswzbV17CvC6zzuvfXFJo4AVxo9RazzHKzbQ==",
      "requires": {
        "core-js": "^2.4.1",
        "eventsource": "github:streamdataio/eventsource-js#92ceda879f6d4e6d45fd6bb6fc82ca12a0c2c5db",
        "eventsource-polyfill": "github:streamdataio/EventSource#bc353046d1eef182642e1d85deb442a3fd62849e"
      }
    },
    "streamdataio-js-sdk-auth": {
      "version": "2.0.0",
      "resolved": "https://registry.npmjs.org/streamdataio-js-sdk-auth/-/streamdataio-js-sdk-auth-2.0.0.tgz",
      "integrity": "sha512-y89ECCkmQubmeeJq5QZWRoI03B5w47xzaS9XxlvyCecWIgeWUS5NV1tbZ8P8YCq1eMeoykeaP430gxG3pggmiA==",
      "requires": {
        "crypto-js": "^3.1.9-1",
        "streamdataio-js-sdk": "^2.0.1"
      }
    },
    "url-parse": {
      "version": "1.0.5",
      "resolved": "https://registry.npmjs.org/url-parse/-/url-parse-1.0.5.tgz",
      "integrity": "sha1-CFSGBCKv3P7+tsllxmLUgAFpkns=",
      "requires": {
        "querystringify": "0.0.x",
        "requires-port": "1.0.x"
      }
    }
  }
}
